// !$*UTF8*$!
{
	archiveVersion = 1;
	classes = {
	};
	objectVersion = 50;
	objects = {

/* Begin PBXBuildFile section */
		1B522C4B23FE115400C2F740 /* AppDelegate.swift in Sources */ = {isa = PBXBuildFile; fileRef = 1B522C4A23FE115400C2F740 /* AppDelegate.swift */; };
		1B522C4D23FE115400C2F740 /* SceneDelegate.swift in Sources */ = {isa = PBXBuildFile; fileRef = 1B522C4C23FE115400C2F740 /* SceneDelegate.swift */; };
		1B522C4F23FE115400C2F740 /* PersonViewController.swift in Sources */ = {isa = PBXBuildFile; fileRef = 1B522C4E23FE115400C2F740 /* PersonViewController.swift */; };
		1B522C5223FE115400C2F740 /* Main.storyboard in Resources */ = {isa = PBXBuildFile; fileRef = 1B522C5023FE115400C2F740 /* Main.storyboard */; };
		1B522C5423FE115700C2F740 /* Assets.xcassets in Resources */ = {isa = PBXBuildFile; fileRef = 1B522C5323FE115700C2F740 /* Assets.xcassets */; };
		1B522C5723FE115700C2F740 /* LaunchScreen.storyboard in Resources */ = {isa = PBXBuildFile; fileRef = 1B522C5523FE115700C2F740 /* LaunchScreen.storyboard */; };
		1B522C5F23FE13CE00C2F740 /* OnlyCellTableViewController.swift in Sources */ = {isa = PBXBuildFile; fileRef = 1B522C5E23FE13CE00C2F740 /* OnlyCellTableViewController.swift */; };
		1B522C6123FE13E600C2F740 /* SectionTableViewController.swift in Sources */ = {isa = PBXBuildFile; fileRef = 1B522C6023FE13E600C2F740 /* SectionTableViewController.swift */; };
		1B522C6323FE141400C2F740 /* PersonModelAndData.swift in Sources */ = {isa = PBXBuildFile; fileRef = 1B522C6223FE141400C2F740 /* PersonModelAndData.swift */; };
/* End PBXBuildFile section */

/* Begin PBXFileReference section */
		1B522C4723FE115400C2F740 /* ButinDV_HW2.7.app */ = {isa = PBXFileReference; explicitFileType = wrapper.application; includeInIndex = 0; path = ButinDV_HW2.7.app; sourceTree = BUILT_PRODUCTS_DIR; };
		1B522C4A23FE115400C2F740 /* AppDelegate.swift */ = {isa = PBXFileReference; lastKnownFileType = sourcecode.swift; path = AppDelegate.swift; sourceTree = "<group>"; };
		1B522C4C23FE115400C2F740 /* SceneDelegate.swift */ = {isa = PBXFileReference; lastKnownFileType = sourcecode.swift; path = SceneDelegate.swift; sourceTree = "<group>"; };
		1B522C4E23FE115400C2F740 /* PersonViewController.swift */ = {isa = PBXFileReference; lastKnownFileType = sourcecode.swift; path = PersonViewController.swift; sourceTree = "<group>"; };
		1B522C5123FE115400C2F740 /* Base */ = {isa = PBXFileReference; lastKnownFileType = file.storyboard; name = Base; path = Base.lproj/Main.storyboard; sourceTree = "<group>"; };
		1B522C5323FE115700C2F740 /* Assets.xcassets */ = {isa = PBXFileReference; lastKnownFileType = folder.assetcatalog; path = Assets.xcassets; sourceTree = "<group>"; };
		1B522C5623FE115700C2F740 /* Base */ = {isa = PBXFileReference; lastKnownFileType = file.storyboard; name = Base; path = Base.lproj/LaunchScreen.storyboard; sourceTree = "<group>"; };
		1B522C5823FE115700C2F740 /* Info.plist */ = {isa = PBXFileReference; lastKnownFileType = text.plist.xml; path = Info.plist; sourceTree = "<group>"; };
		1B522C5E23FE13CE00C2F740 /* OnlyCellTableViewController.swift */ = {isa = PBXFileReference; lastKnownFileType = sourcecode.swift; path = OnlyCellTableViewController.swift; sourceTree = "<group>"; };
		1B522C6023FE13E600C2F740 /* SectionTableViewController.swift */ = {isa = PBXFileReference; lastKnownFileType = sourcecode.swift; path = SectionTableViewController.swift; sourceTree = "<group>"; };
		1B522C6223FE141400C2F740 /* PersonModelAndData.swift */ = {isa = PBXFileReference; lastKnownFileType = sourcecode.swift; path = PersonModelAndData.swift; sourceTree = "<group>"; };
/* End PBXFileReference section */

/* Begin PBXFrameworksBuildPhase section */
		1B522C4423FE115400C2F740 /* Frameworks */ = {
			isa = PBXFrameworksBuildPhase;
			buildActionMask = 2147483647;
			files = (
			);
			runOnlyForDeploymentPostprocessing = 0;
		};
/* End PBXFrameworksBuildPhase section */

/* Begin PBXGroup section */
		1B522C3E23FE115400C2F740 = {
			isa = PBXGroup;
			children = (
				1B522C4923FE115400C2F740 /* ButinDV_HW2.7 */,
				1B522C4823FE115400C2F740 /* Products */,
			);
			sourceTree = "<group>";
		};
		1B522C4823FE115400C2F740 /* Products */ = {
			isa = PBXGroup;
			children = (
				1B522C4723FE115400C2F740 /* ButinDV_HW2.7.app */,
			);
			name = Products;
			sourceTree = "<group>";
		};
		1B522C4923FE115400C2F740 /* ButinDV_HW2.7 */ = {
			isa = PBXGroup;
			children = (
				1B522C4A23FE115400C2F740 /* AppDelegate.swift */,
				1B522C4C23FE115400C2F740 /* SceneDelegate.swift */,
				1B522C6223FE141400C2F740 /* PersonModelAndData.swift */,
				1B522C5E23FE13CE00C2F740 /* OnlyCellTableViewController.swift */,
				1B522C6023FE13E600C2F740 /* SectionTableViewController.swift */,
				1B522C4E23FE115400C2F740 /* PersonViewController.swift */,
				1B522C5023FE115400C2F740 /* Main.storyboard */,
				1B522C5323FE115700C2F740 /* Assets.xcassets */,
				1B522C5523FE115700C2F740 /* LaunchScreen.storyboard */,
				1B522C5823FE115700C2F740 /* Info.plist */,
			);
			path = ButinDV_HW2.7;
			sourceTree = "<group>";
		};
/* End PBXGroup section */

/* Begin PBXNativeTarget section */
		1B522C4623FE115400C2F740 /* ButinDV_HW2.7 */ = {
			isa = PBXNativeTarget;
			buildConfigurationList = 1B522C5B23FE115700C2F740 /* Build configuration list for PBXNativeTarget "ButinDV_HW2.7" */;
			buildPhases = (
				1B522C4323FE115400C2F740 /* Sources */,
				1B522C4423FE115400C2F740 /* Frameworks */,
				1B522C4523FE115400C2F740 /* Resources */,
			);
			buildRules = (
			);
			dependencies = (
			);
			name = ButinDV_HW2.7;
			productName = ButinDV_HW2.7;
			productReference = 1B522C4723FE115400C2F740 /* ButinDV_HW2.7.app */;
			productType = "com.apple.product-type.application";
		};
/* End PBXNativeTarget section */

/* Begin PBXProject section */
		1B522C3F23FE115400C2F740 /* Project object */ = {
			isa = PBXProject;
			attributes = {
				LastSwiftUpdateCheck = 1130;
				LastUpgradeCheck = 1130;
				ORGANIZATIONNAME = "Dmitriy Butin";
				TargetAttributes = {
					1B522C4623FE115400C2F740 = {
						CreatedOnToolsVersion = 11.3;
					};
				};
			};
			buildConfigurationList = 1B522C4223FE115400C2F740 /* Build configuration list for PBXProject "ButinDV_HW2.7" */;
			compatibilityVersion = "Xcode 9.3";
			developmentRegion = en;
			hasScannedForEncodings = 0;
			knownRegions = (
				en,
				Base,
			);
			mainGroup = 1B522C3E23FE115400C2F740;
			productRefGroup = 1B522C4823FE115400C2F740 /* Products */;
			projectDirPath = "";
			projectRoot = "";
			targets = (
				1B522C4623FE115400C2F740 /* ButinDV_HW2.7 */,
			);
		};
/* End PBXProject section */

/* Begin PBXResourcesBuildPhase section */
		1B522C4523FE115400C2F740 /* Resources */ = {
			isa = PBXResourcesBuildPhase;
			buildActionMask = 2147483647;
			files = (
				1B522C5723FE115700C2F740 /* LaunchScreen.storyboard in Resources */,
				1B522C5423FE115700C2F740 /* Assets.xcassets in Resources */,
				1B522C5223FE115400C2F740 /* Main.storyboard in Resources */,
			);
			runOnlyForDeploymentPostprocessing = 0;
		};
/* End PBXResourcesBuildPhase section */

/* Begin PBXSourcesBuildPhase section */
		1B522C4323FE115400C2F740 /* Sources */ = {
			isa = PBXSourcesBuildPhase;
			buildActionMask = 2147483647;
			files = (
				1B522C6323FE141400C2F740 /* PersonModelAndData.swift in Sources */,
				1B522C6123FE13E600C2F740 /* SectionTableViewController.swift in Sources */,
				1B522C4F23FE115400C2F740 /* PersonViewController.swift in Sources */,
				1B522C4B23FE115400C2F740 /* AppDelegate.swift in Sources */,
				1B522C4D23FE115400C2F740 /* SceneDelegate.swift in Sources */,
				1B522C5F23FE13CE00C2F740 /* OnlyCellTableViewController.swift in Sources */,
			);
			runOnlyForDeploymentPostprocessing = 0;
		};
/* End PBXSourcesBuildPhase section */

/* Begin PBXVariantGroup section */
		1B522C5023FE115400C2F740 /* Main.storyboard */ = {
			isa = PBXVariantGroup;
			children = (
				1B522C5123FE115400C2F740 /* Base */,
			);
			name = Main.storyboard;
			sourceTree = "<group>";
		};
		1B522C5523FE115700C2F740 /* LaunchScreen.storyboard */ = {
			isa = PBXVariantGroup;
			children = (
				1B522C5623FE115700C2F740 /* Base */,
			);
			name = LaunchScreen.storyboard;
			sourceTree = "<group>";
		};
/* End PBXVariantGroup section */

/* Begin XCBuildConfiguration section */
		1B522C5923FE115700C2F740 /* Debug */ = {
			isa = XCBuildConfiguration;
			buildSettings = {
				ALWAYS_SEARCH_USER_PATHS = NO;
				CLANG_ANALYZER_NONNULL = YES;
				CLANG_ANALYZER_NUMBER_OBJECT_CONVERSION = YES_AGGRESSIVE;
				CLANG_CXX_LANGUAGE_STANDARD = "gnu++14";
				CLANG_CXX_LIBRARY = "libc++";
				CLANG_ENABLE_MODULES = YES;
				CLANG_ENABLE_OBJC_ARC = YES;
				CLANG_ENABLE_OBJC_WEAK = YES;
				CLANG_WARN_BLOCK_CAPTURE_AUTORELEASING = YES;
				CLANG_WARN_BOOL_CONVERSION = YES;
				CLANG_WARN_COMMA = YES;
				CLANG_WARN_CONSTANT_CONVERSION = YES;
				CLANG_WARN_DEPRECATED_OBJC_IMPLEMENTATIONS = YES;
				CLANG_WARN_DIRECT_OBJC_ISA_USAGE = YES_ERROR;
				CLANG_WARN_DOCUMENTATION_COMMENTS = YES;
				CLANG_WARN_EMPTY_BODY = YES;
				CLANG_WARN_ENUM_CONVERSION = YES;
				CLANG_WARN_INFINITE_RECURSION = YES;
				CLANG_WARN_INT_CONVERSION = YES;
				CLANG_WARN_NON_LITERAL_NULL_CONVERSION = YES;
				CLANG_WARN_OBJC_IMPLICIT_RETAIN_SELF = YES;
				CLANG_WARN_OBJC_LITERAL_CONVERSION = YES;
				CLANG_WARN_OBJC_ROOT_CLASS = YES_ERROR;
				CLANG_WARN_RANGE_LOOP_ANALYSIS = YES;
				CLANG_WARN_STRICT_PROTOTYPES = YES;
				CLANG_WARN_SUSPICIOUS_MOVE = YES;
				CLANG_WARN_UNGUARDED_AVAILABILITY = YES_AGGRESSIVE;
				CLANG_WARN_UNREACHABLE_CODE = YES;
				CLANG_WARN__DUPLICATE_METHOD_MATCH = YES;
				COPY_PHASE_STRIP = NO;
				DEBUG_INFORMATION_FORMAT = dwarf;
				ENABLE_STRICT_OBJC_MSGSEND = YES;
				ENABLE_TESTABILITY = YES;
				GCC_C_LANGUAGE_STANDARD = gnu11;
				GCC_DYNAMIC_NO_PIC = NO;
				GCC_NO_COMMON_BLOCKS = YES;
				GCC_OPTIMIZATION_LEVEL = 0;
				GCC_PREPROCESSOR_DEFINITIONS = (
					"DEBUG=1",
					"$(inherited)",
				);
				GCC_WARN_64_TO_32_BIT_CONVERSION = YES;
				GCC_WARN_ABOUT_RETURN_TYPE = YES_ERROR;
				GCC_WARN_UNDECLARED_SELECTOR = YES;
				GCC_WARN_UNINITIALIZED_AUTOS = YES_AGGRESSIVE;
				GCC_WARN_UNUSED_FUNCTION = YES;
				GCC_WARN_UNUSED_VARIABLE = YES;
				IPHONEOS_DEPLOYMENT_TARGET = 13.2;
				MTL_ENABLE_DEBUG_INFO = INCLUDE_SOURCE;
				MTL_FAST_MATH = YES;
				ONLY_ACTIVE_ARCH = YES;
				SDKROOT = iphoneos;
				SWIFT_ACTIVE_COMPILATION_CONDITIONS = DEBUG;
				SWIFT_OPTIMIZATION_LEVEL = "-Onone";
			};
			name = Debug;
		};
		1B522C5A23FE115700C2F740 /* Release */ = {
			isa = XCBuildConfiguration;
			buildSettings = {
				ALWAYS_SEARCH_USER_PATHS = NO;
				CLANG_ANALYZER_NONNULL = YES;
				CLANG_ANALYZER_NUMBER_OBJECT_CONVERSION = YES_AGGRESSIVE;
				CLANG_CXX_LANGUAGE_STANDARD = "gnu++14";
				CLANG_CXX_LIBRARY = "libc++";
				CLANG_ENABLE_MODULES = YES;
				CLANG_ENABLE_OBJC_ARC = YES;
				CLANG_ENABLE_OBJC_WEAK = YES;
				CLANG_WARN_BLOCK_CAPTURE_AUTORELEASING = YES;
				CLANG_WARN_BOOL_CONVERSION = YES;
				CLANG_WARN_COMMA = YES;
				CLANG_WARN_CONSTANT_CONVERSION = YES;
				CLANG_WARN_DEPRECATED_OBJC_IMPLEMENTATIONS = YES;
				CLANG_WARN_DIRECT_OBJC_ISA_USAGE = YES_ERROR;
				CLANG_WARN_DOCUMENTATION_COMMENTS = YES;
				CLANG_WARN_EMPTY_BODY = YES;
				CLANG_WARN_ENUM_CONVERSION = YES;
				CLANG_WARN_INFINITE_RECURSION = YES;
				CLANG_WARN_INT_CONVERSION = YES;
				CLANG_WARN_NON_LITERAL_NULL_CONVERSION = YES;
				CLANG_WARN_OBJC_IMPLICIT_RETAIN_SELF = YES;
				CLANG_WARN_OBJC_LITERAL_CONVERSION = YES;
				CLANG_WARN_OBJC_ROOT_CLASS = YES_ERROR;
				CLANG_WARN_RANGE_LOOP_ANALYSIS = YES;
				CLANG_WARN_STRICT_PROTOTYPES = YES;
				CLANG_WARN_SUSPICIOUS_MOVE = YES;
				CLANG_WARN_UNGUARDED_AVAILABILITY = YES_AGGRESSIVE;
				CLANG_WARN_UNREACHABLE_CODE = YES;
				CLANG_WARN__DUPLICATE_METHOD_MATCH = YES;
				COPY_PHASE_STRIP = NO;
				DEBUG_INFORMATION_FORMAT = "dwarf-with-dsym";
				ENABLE_NS_ASSERTIONS = NO;
				ENABLE_STRICT_OBJC_MSGSEND = YES;
				GCC_C_LANGUAGE_STANDARD = gnu11;
				GCC_NO_COMMON_BLOCKS = YES;
				GCC_WARN_64_TO_32_BIT_CONVERSION = YES;
				GCC_WARN_ABOUT_RETURN_TYPE = YES_ERROR;
				GCC_WARN_UNDECLARED_SELECTOR = YES;
				GCC_WARN_UNINITIALIZED_AUTOS = YES_AGGRESSIVE;
				GCC_WARN_UNUSED_FUNCTION = YES;
				GCC_WARN_UNUSED_VARIABLE = YES;
				IPHONEOS_DEPLOYMENT_TARGET = 13.2;
				MTL_ENABLE_DEBUG_INFO = NO;
				MTL_FAST_MATH = YES;
				SDKROOT = iphoneos;
				SWIFT_COMPILATION_MODE = wholemodule;
				SWIFT_OPTIMIZATION_LEVEL = "-O";
				VALIDATE_PRODUCT = YES;
			};
			name = Release;
		};
		1B522C5C23FE115700C2F740 /* Debug */ = {
			isa = XCBuildConfiguration;
			buildSettings = {
				ASSETCATALOG_COMPILER_APPICON_NAME = AppIcon;
				CODE_SIGN_STYLE = Automatic;
				DEVELOPMENT_TEAM = G64Y8SWWLR;
				INFOPLIST_FILE = ButinDV_HW2.7/Info.plist;
				LD_RUNPATH_SEARCH_PATHS = (
					"$(inherited)",
					"@executable_path/Frameworks",
				);
				PRODUCT_BUNDLE_IDENTIFIER = "DB.ButinDV-HW2-7";
				PRODUCT_NAME = "$(TARGET_NAME)";
				SWIFT_VERSION = 5.0;
				TARGETED_DEVICE_FAMILY = "1,2";
			};
			name = Debug;
		};
		1B522C5D23FE115700C2F740 /* Release */ = {
			isa = XCBuildConfiguration;
			buildSettings = {
				ASSETCATALOG_COMPILER_APPICON_NAME = AppIcon;
				CODE_SIGN_STYLE = Automatic;
				DEVELOPMENT_TEAM = G64Y8SWWLR;
				INFOPLIST_FILE = ButinDV_HW2.7/Info.plist;
				LD_RUNPATH_SEARCH_PATHS = (
					"$(inherited)",
					"@executable_path/Frameworks",
				);
				PRODUCT_BUNDLE_IDENTIFIER = "DB.ButinDV-HW2-7";
				PRODUCT_NAME = "$(TARGET_NAME)";
				SWIFT_VERSION = 5.0;
				TARGETED_DEVICE_FAMILY = "1,2";
			};
			name = Release;
		};
/* End XCBuildConfiguration section */

/* Begin XCConfigurationList section */
		1B522C4223FE115400C2F740 /* Build configuration list for PBXProject "ButinDV_HW2.7" */ = {
			isa = XCConfigurationList;
			buildConfigurations = (
				1B522C5923FE115700C2F740 /* Debug */,
				1B522C5A23FE115700C2F740 /* Release */,
			);
			defaultConfigurationIsVisible = 0;
			defaultConfigurationName = Release;
		};
		1B522C5B23FE115700C2F740 /* Build configuration list for PBXNativeTarget "ButinDV_HW2.7" */ = {
			isa = XCConfigurationList;
			buildConfigurations = (
				1B522C5C23FE115700C2F740 /* Debug */,
				1B522C5D23FE115700C2F740 /* Release */,
			);
			defaultConfigurationIsVisible = 0;
			defaultConfigurationName = Release;
		};
/* End XCConfigurationList section */
	};
	rootObject = 1B522C3F23FE115400C2F740 /* Project object */;
}
